// !$*UTF8*$!
{
	archiveVersion = 1;
	classes = {
	};
	objectVersion = 48;
	objects = {

/* Begin PBXBuildFile section */
		1B3221371FAE6619003C3FFA /* AppDelegate.swift in Sources */ = {isa = PBXBuildFile; fileRef = 1B3221361FAE6619003C3FFA /* AppDelegate.swift */; };
		1B3221391FAE6619003C3FFA /* ViewController.swift in Sources */ = {isa = PBXBuildFile; fileRef = 1B3221381FAE6619003C3FFA /* ViewController.swift */; };
		1B32213C1FAE6619003C3FFA /* Main.storyboard in Resources */ = {isa = PBXBuildFile; fileRef = 1B32213A1FAE6619003C3FFA /* Main.storyboard */; };
		1B32213F1FAE6619003C3FFA /* MyShoppingApp.xcdatamodeld in Sources */ = {isa = PBXBuildFile; fileRef = 1B32213D1FAE6619003C3FFA /* MyShoppingApp.xcdatamodeld */; };
		1B3221411FAE6619003C3FFA /* Assets.xcassets in Resources */ = {isa = PBXBuildFile; fileRef = 1B3221401FAE6619003C3FFA /* Assets.xcassets */; };
		1B3221441FAE6619003C3FFA /* LaunchScreen.storyboard in Resources */ = {isa = PBXBuildFile; fileRef = 1B3221421FAE6619003C3FFA /* LaunchScreen.storyboard */; };
		1B32214E1FAF3EC1003C3FFA /* Constants.swift in Sources */ = {isa = PBXBuildFile; fileRef = 1B32214B1FAF3EAC003C3FFA /* Constants.swift */; };
		1B32214F1FAF3EC2003C3FFA /* CustomError.swift in Sources */ = {isa = PBXBuildFile; fileRef = 1B32214C1FAF3EB7003C3FFA /* CustomError.swift */; };
		1B3221501FAF3EC2003C3FFA /* DataBaseManager.swift in Sources */ = {isa = PBXBuildFile; fileRef = 1B32214D1FAF3EC1003C3FFA /* DataBaseManager.swift */; };
		1B3221591FAF3ED3003C3FFA /* Product+CoreDataProperties.swift in Sources */ = {isa = PBXBuildFile; fileRef = 1B3221511FAF3EC6003C3FFA /* Product+CoreDataProperties.swift */; };
		1B32215A1FAF3ED3003C3FFA /* NetworkManager.swift in Sources */ = {isa = PBXBuildFile; fileRef = 1B3221521FAF3EC9003C3FFA /* NetworkManager.swift */; };
		1B32215B1FAF3ED3003C3FFA /* Product+CoreDataClass.swift in Sources */ = {isa = PBXBuildFile; fileRef = 1B3221531FAF3ECB003C3FFA /* Product+CoreDataClass.swift */; };
		1B32215C1FAF3ED3003C3FFA /* ProductCollectionViewCell.swift in Sources */ = {isa = PBXBuildFile; fileRef = 1B3221541FAF3ECC003C3FFA /* ProductCollectionViewCell.swift */; };
		1B32215D1FAF3ED3003C3FFA /* ProductListViewController.swift in Sources */ = {isa = PBXBuildFile; fileRef = 1B3221551FAF3ECD003C3FFA /* ProductListViewController.swift */; };
		1B32215E1FAF3ED3003C3FFA /* URLRequestManager.swift in Sources */ = {isa = PBXBuildFile; fileRef = 1B3221561FAF3ECE003C3FFA /* URLRequestManager.swift */; };
		1B32215F1FAF3ED3003C3FFA /* NetworkOperation.swift in Sources */ = {isa = PBXBuildFile; fileRef = 1B3221571FAF3ECF003C3FFA /* NetworkOperation.swift */; };
		1B3221601FAF3ED3003C3FFA /* NSObject+Helper.swift in Sources */ = {isa = PBXBuildFile; fileRef = 1B3221581FAF3ED2003C3FFA /* NSObject+Helper.swift */; };
/* End PBXBuildFile section */

/* Begin PBXFileReference section */
		1B3221331FAE6619003C3FFA /* MyShoppingApp.app */ = {isa = PBXFileReference; explicitFileType = wrapper.application; includeInIndex = 0; path = MyShoppingApp.app; sourceTree = BUILT_PRODUCTS_DIR; };
		1B3221361FAE6619003C3FFA /* AppDelegate.swift */ = {isa = PBXFileReference; lastKnownFileType = sourcecode.swift; path = AppDelegate.swift; sourceTree = "<group>"; };
		1B3221381FAE6619003C3FFA /* ViewController.swift */ = {isa = PBXFileReference; lastKnownFileType = sourcecode.swift; path = ViewController.swift; sourceTree = "<group>"; };
		1B32213B1FAE6619003C3FFA /* Base */ = {isa = PBXFileReference; lastKnownFileType = file.storyboard; name = Base; path = Base.lproj/Main.storyboard; sourceTree = "<group>"; };
		1B32213E1FAE6619003C3FFA /* MyShoppingApp.xcdatamodel */ = {isa = PBXFileReference; lastKnownFileType = wrapper.xcdatamodel; path = MyShoppingApp.xcdatamodel; sourceTree = "<group>"; };
		1B3221401FAE6619003C3FFA /* Assets.xcassets */ = {isa = PBXFileReference; lastKnownFileType = folder.assetcatalog; path = Assets.xcassets; sourceTree = "<group>"; };
		1B3221431FAE6619003C3FFA /* Base */ = {isa = PBXFileReference; lastKnownFileType = file.storyboard; name = Base; path = Base.lproj/LaunchScreen.storyboard; sourceTree = "<group>"; };
		1B3221451FAE6619003C3FFA /* Info.plist */ = {isa = PBXFileReference; lastKnownFileType = text.plist.xml; path = Info.plist; sourceTree = "<group>"; };
		1B32214B1FAF3EAC003C3FFA /* Constants.swift */ = {isa = PBXFileReference; fileEncoding = 4; lastKnownFileType = sourcecode.swift; path = Constants.swift; sourceTree = "<group>"; };
		1B32214C1FAF3EB7003C3FFA /* CustomError.swift */ = {isa = PBXFileReference; fileEncoding = 4; lastKnownFileType = sourcecode.swift; path = CustomError.swift; sourceTree = "<group>"; };
		1B32214D1FAF3EC1003C3FFA /* DataBaseManager.swift */ = {isa = PBXFileReference; fileEncoding = 4; lastKnownFileType = sourcecode.swift; path = DataBaseManager.swift; sourceTree = "<group>"; };
		1B3221511FAF3EC6003C3FFA /* Product+CoreDataProperties.swift */ = {isa = PBXFileReference; fileEncoding = 4; lastKnownFileType = sourcecode.swift; path = "Product+CoreDataProperties.swift"; sourceTree = "<group>"; };
		1B3221521FAF3EC9003C3FFA /* NetworkManager.swift */ = {isa = PBXFileReference; fileEncoding = 4; lastKnownFileType = sourcecode.swift; path = NetworkManager.swift; sourceTree = "<group>"; };
		1B3221531FAF3ECB003C3FFA /* Product+CoreDataClass.swift */ = {isa = PBXFileReference; fileEncoding = 4; lastKnownFileType = sourcecode.swift; path = "Product+CoreDataClass.swift"; sourceTree = "<group>"; };
		1B3221541FAF3ECC003C3FFA /* ProductCollectionViewCell.swift */ = {isa = PBXFileReference; fileEncoding = 4; lastKnownFileType = sourcecode.swift; path = ProductCollectionViewCell.swift; sourceTree = "<group>"; };
		1B3221551FAF3ECD003C3FFA /* ProductListViewController.swift */ = {isa = PBXFileReference; fileEncoding = 4; lastKnownFileType = sourcecode.swift; path = ProductListViewController.swift; sourceTree = "<group>"; };
		1B3221561FAF3ECE003C3FFA /* URLRequestManager.swift */ = {isa = PBXFileReference; fileEncoding = 4; lastKnownFileType = sourcecode.swift; path = URLRequestManager.swift; sourceTree = "<group>"; };
		1B3221571FAF3ECF003C3FFA /* NetworkOperation.swift */ = {isa = PBXFileReference; fileEncoding = 4; lastKnownFileType = sourcecode.swift; path = NetworkOperation.swift; sourceTree = "<group>"; };
		1B3221581FAF3ED2003C3FFA /* NSObject+Helper.swift */ = {isa = PBXFileReference; fileEncoding = 4; lastKnownFileType = sourcecode.swift; path = "NSObject+Helper.swift"; sourceTree = "<group>"; };
/* End PBXFileReference section */

/* Begin PBXFrameworksBuildPhase section */
		1B3221301FAE6619003C3FFA /* Frameworks */ = {
			isa = PBXFrameworksBuildPhase;
			buildActionMask = 2147483647;
			files = (
			);
			runOnlyForDeploymentPostprocessing = 0;
		};
/* End PBXFrameworksBuildPhase section */

/* Begin PBXGroup section */
		1B32212A1FAE6618003C3FFA = {
			isa = PBXGroup;
			children = (
				1B3221351FAE6619003C3FFA /* MyShoppingApp */,
				1B3221341FAE6619003C3FFA /* Products */,
			);
			sourceTree = "<group>";
		};
		1B3221341FAE6619003C3FFA /* Products */ = {
			isa = PBXGroup;
			children = (
				1B3221331FAE6619003C3FFA /* MyShoppingApp.app */,
			);
			name = Products;
			sourceTree = "<group>";
		};
		1B3221351FAE6619003C3FFA /* MyShoppingApp */ = {
			isa = PBXGroup;
			children = (
				1B3221361FAE6619003C3FFA /* AppDelegate.swift */,
				1B3221381FAE6619003C3FFA /* ViewController.swift */,
				1B32214D1FAF3EC1003C3FFA /* DataBaseManager.swift */,
				1B3221541FAF3ECC003C3FFA /* ProductCollectionViewCell.swift */,
				1B3221551FAF3ECD003C3FFA /* ProductListViewController.swift */,
				1B3221651FAF41D5003C3FFA /* Constant */,
				1B3221611FAF4175003C3FFA /* NetworkClasses */,
				1B3221641FAF41A5003C3FFA /* DatabaseManager */,
				1B3221631FAF4190003C3FFA /* HelperClasses */,
				1B3221621FAF4183003C3FFA /* ModelClasses */,
				1B32213A1FAE6619003C3FFA /* Main.storyboard */,
				1B3221401FAE6619003C3FFA /* Assets.xcassets */,
				1B3221421FAE6619003C3FFA /* LaunchScreen.storyboard */,
				1B3221451FAE6619003C3FFA /* Info.plist */,
				1B32213D1FAE6619003C3FFA /* MyShoppingApp.xcdatamodeld */,
			);
			path = MyShoppingApp;
			sourceTree = "<group>";
		};
		1B3221611FAF4175003C3FFA /* NetworkClasses */ = {
			isa = PBXGroup;
			children = (
				1B3221521FAF3EC9003C3FFA /* NetworkManager.swift */,
				1B3221571FAF3ECF003C3FFA /* NetworkOperation.swift */,
				1B3221561FAF3ECE003C3FFA /* URLRequestManager.swift */,
			);
			path = NetworkClasses;
			sourceTree = "<group>";
		};
		1B3221621FAF4183003C3FFA /* ModelClasses */ = {
			isa = PBXGroup;
			children = (
				1B3221531FAF3ECB003C3FFA /* Product+CoreDataClass.swift */,
				1B3221511FAF3EC6003C3FFA /* Product+CoreDataProperties.swift */,
			);
			path = ModelClasses;
			sourceTree = "<group>";
		};
		1B3221631FAF4190003C3FFA /* HelperClasses */ = {
			isa = PBXGroup;
			children = (
				1B32214C1FAF3EB7003C3FFA /* CustomError.swift */,
				1B3221581FAF3ED2003C3FFA /* NSObject+Helper.swift */,
			);
			path = HelperClasses;
			sourceTree = "<group>";
		};
		1B3221641FAF41A5003C3FFA /* DatabaseManager */ = {
			isa = PBXGroup;
			children = (
			);
			path = DatabaseManager;
			sourceTree = "<group>";
		};
		1B3221651FAF41D5003C3FFA /* Constant */ = {
			isa = PBXGroup;
			children = (
				1B32214B1FAF3EAC003C3FFA /* Constants.swift */,
			);
			path = Constant;
			sourceTree = "<group>";
		};
/* End PBXGroup section */

/* Begin PBXNativeTarget section */
		1B3221321FAE6619003C3FFA /* MyShoppingApp */ = {
			isa = PBXNativeTarget;
			buildConfigurationList = 1B3221481FAE6619003C3FFA /* Build configuration list for PBXNativeTarget "MyShoppingApp" */;
			buildPhases = (
				1B32212F1FAE6619003C3FFA /* Sources */,
				1B3221301FAE6619003C3FFA /* Frameworks */,
				1B3221311FAE6619003C3FFA /* Resources */,
			);
			buildRules = (
			);
			dependencies = (
			);
			name = MyShoppingApp;
			productName = MyShoppingApp;
			productReference = 1B3221331FAE6619003C3FFA /* MyShoppingApp.app */;
			productType = "com.apple.product-type.application";
		};
/* End PBXNativeTarget section */

/* Begin PBXProject section */
		1B32212B1FAE6618003C3FFA /* Project object */ = {
			isa = PBXProject;
			attributes = {
				LastSwiftUpdateCheck = 0900;
				LastUpgradeCheck = 0900;
				ORGANIZATIONNAME = Nikhil;
				TargetAttributes = {
					1B3221321FAE6619003C3FFA = {
						CreatedOnToolsVersion = 9.0.1;
						ProvisioningStyle = Automatic;
					};
				};
			};
			buildConfigurationList = 1B32212E1FAE6618003C3FFA /* Build configuration list for PBXProject "MyShoppingApp" */;
			compatibilityVersion = "Xcode 8.0";
			developmentRegion = en;
			hasScannedForEncodings = 0;
			knownRegions = (
				en,
				Base,
			);
			mainGroup = 1B32212A1FAE6618003C3FFA;
			productRefGroup = 1B3221341FAE6619003C3FFA /* Products */;
			projectDirPath = "";
			projectRoot = "";
			targets = (
				1B3221321FAE6619003C3FFA /* MyShoppingApp */,
			);
		};
/* End PBXProject section */

/* Begin PBXResourcesBuildPhase section */
		1B3221311FAE6619003C3FFA /* Resources */ = {
			isa = PBXResourcesBuildPhase;
			buildActionMask = 2147483647;
			files = (
				1B3221441FAE6619003C3FFA /* LaunchScreen.storyboard in Resources */,
				1B3221411FAE6619003C3FFA /* Assets.xcassets in Resources */,
				1B32213C1FAE6619003C3FFA /* Main.storyboard in Resources */,
			);
			runOnlyForDeploymentPostprocessing = 0;
		};
/* End PBXResourcesBuildPhase section */

/* Begin PBXSourcesBuildPhase section */
		1B32212F1FAE6619003C3FFA /* Sources */ = {
			isa = PBXSourcesBuildPhase;
			buildActionMask = 2147483647;
			files = (
				1B32214F1FAF3EC2003C3FFA /* CustomError.swift in Sources */,
				1B3221601FAF3ED3003C3FFA /* NSObject+Helper.swift in Sources */,
				1B32215E1FAF3ED3003C3FFA /* URLRequestManager.swift in Sources */,
				1B3221391FAE6619003C3FFA /* ViewController.swift in Sources */,
				1B32215C1FAF3ED3003C3FFA /* ProductCollectionViewCell.swift in Sources */,
				1B3221371FAE6619003C3FFA /* AppDelegate.swift in Sources */,
				1B3221591FAF3ED3003C3FFA /* Product+CoreDataProperties.swift in Sources */,
				1B32215F1FAF3ED3003C3FFA /* NetworkOperation.swift in Sources */,
				1B32215A1FAF3ED3003C3FFA /* NetworkManager.swift in Sources */,
				1B32215B1FAF3ED3003C3FFA /* Product+CoreDataClass.swift in Sources */,
				1B32213F1FAE6619003C3FFA /* MyShoppingApp.xcdatamodeld in Sources */,
				1B3221501FAF3EC2003C3FFA /* DataBaseManager.swift in Sources */,
				1B32215D1FAF3ED3003C3FFA /* ProductListViewController.swift in Sources */,
				1B32214E1FAF3EC1003C3FFA /* Constants.swift in Sources */,
			);
			runOnlyForDeploymentPostprocessing = 0;
		};
/* End PBXSourcesBuildPhase section */

/* Begin PBXVariantGroup section */
		1B32213A1FAE6619003C3FFA /* Main.storyboard */ = {
			isa = PBXVariantGroup;
			children = (
				1B32213B1FAE6619003C3FFA /* Base */,
			);
			name = Main.storyboard;
			sourceTree = "<group>";
		};
		1B3221421FAE6619003C3FFA /* LaunchScreen.storyboard */ = {
			isa = PBXVariantGroup;
			children = (
				1B3221431FAE6619003C3FFA /* Base */,
			);
			name = LaunchScreen.storyboard;
			sourceTree = "<group>";
		};
/* End PBXVariantGroup section */

/* Begin XCBuildConfiguration section */
		1B3221461FAE6619003C3FFA /* Debug */ = {
			isa = XCBuildConfiguration;
			buildSettings = {
				ALWAYS_SEARCH_USER_PATHS = NO;
				CLANG_ANALYZER_NONNULL = YES;
				CLANG_ANALYZER_NUMBER_OBJECT_CONVERSION = YES_AGGRESSIVE;
				CLANG_CXX_LANGUAGE_STANDARD = "gnu++14";
				CLANG_CXX_LIBRARY = "libc++";
				CLANG_ENABLE_MODULES = YES;
				CLANG_ENABLE_OBJC_ARC = YES;
				CLANG_WARN_BLOCK_CAPTURE_AUTORELEASING = YES;
				CLANG_WARN_BOOL_CONVERSION = YES;
				CLANG_WARN_COMMA = YES;
				CLANG_WARN_CONSTANT_CONVERSION = YES;
				CLANG_WARN_DIRECT_OBJC_ISA_USAGE = YES_ERROR;
				CLANG_WARN_DOCUMENTATION_COMMENTS = YES;
				CLANG_WARN_EMPTY_BODY = YES;
				CLANG_WARN_ENUM_CONVERSION = YES;
				CLANG_WARN_INFINITE_RECURSION = YES;
				CLANG_WARN_INT_CONVERSION = YES;
				CLANG_WARN_NON_LITERAL_NULL_CONVERSION = YES;
				CLANG_WARN_OBJC_LITERAL_CONVERSION = YES;
				CLANG_WARN_OBJC_ROOT_CLASS = YES_ERROR;
				CLANG_WARN_RANGE_LOOP_ANALYSIS = YES;
				CLANG_WARN_STRICT_PROTOTYPES = YES;
				CLANG_WARN_SUSPICIOUS_MOVE = YES;
				CLANG_WARN_UNGUARDED_AVAILABILITY = YES_AGGRESSIVE;
				CLANG_WARN_UNREACHABLE_CODE = YES;
				CLANG_WARN__DUPLICATE_METHOD_MATCH = YES;
				CODE_SIGN_IDENTITY = "iPhone Developer";
				COPY_PHASE_STRIP = NO;
				DEBUG_INFORMATION_FORMAT = dwarf;
				ENABLE_STRICT_OBJC_MSGSEND = YES;
				ENABLE_TESTABILITY = YES;
				GCC_C_LANGUAGE_STANDARD = gnu11;
				GCC_DYNAMIC_NO_PIC = NO;
				GCC_NO_COMMON_BLOCKS = YES;
				GCC_OPTIMIZATION_LEVEL = 0;
				GCC_PREPROCESSOR_DEFINITIONS = (
					"DEBUG=1",
					"$(inherited)",
				);
				GCC_WARN_64_TO_32_BIT_CONVERSION = YES;
				GCC_WARN_ABOUT_RETURN_TYPE = YES_ERROR;
				GCC_WARN_UNDECLARED_SELECTOR = YES;
				GCC_WARN_UNINITIALIZED_AUTOS = YES_AGGRESSIVE;
				GCC_WARN_UNUSED_FUNCTION = YES;
				GCC_WARN_UNUSED_VARIABLE = YES;
				IPHONEOS_DEPLOYMENT_TARGET = 11.0;
				MTL_ENABLE_DEBUG_INFO = YES;
				ONLY_ACTIVE_ARCH = YES;
				SDKROOT = iphoneos;
				SWIFT_ACTIVE_COMPILATION_CONDITIONS = DEBUG;
				SWIFT_OPTIMIZATION_LEVEL = "-Onone";
			};
			name = Debug;
		};
		1B3221471FAE6619003C3FFA /* Release */ = {
			isa = XCBuildConfiguration;
			buildSettings = {
				ALWAYS_SEARCH_USER_PATHS = NO;
				CLANG_ANALYZER_NONNULL = YES;
				CLANG_ANALYZER_NUMBER_OBJECT_CONVERSION = YES_AGGRESSIVE;
				CLANG_CXX_LANGUAGE_STANDARD = "gnu++14";
				CLANG_CXX_LIBRARY = "libc++";
				CLANG_ENABLE_MODULES = YES;
				CLANG_ENABLE_OBJC_ARC = YES;
				CLANG_WARN_BLOCK_CAPTURE_AUTORELEASING = YES;
				CLANG_WARN_BOOL_CONVERSION = YES;
				CLANG_WARN_COMMA = YES;
				CLANG_WARN_CONSTANT_CONVERSION = YES;
				CLANG_WARN_DIRECT_OBJC_ISA_USAGE = YES_ERROR;
				CLANG_WARN_DOCUMENTATION_COMMENTS = YES;
				CLANG_WARN_EMPTY_BODY = YES;
				CLANG_WARN_ENUM_CONVERSION = YES;
				CLANG_WARN_INFINITE_RECURSION = YES;
				CLANG_WARN_INT_CONVERSION = YES;
				CLANG_WARN_NON_LITERAL_NULL_CONVERSION = YES;
				CLANG_WARN_OBJC_LITERAL_CONVERSION = YES;
				CLANG_WARN_OBJC_ROOT_CLASS = YES_ERROR;
				CLANG_WARN_RANGE_LOOP_ANALYSIS = YES;
				CLANG_WARN_STRICT_PROTOTYPES = YES;
				CLANG_WARN_SUSPICIOUS_MOVE = YES;
				CLANG_WARN_UNGUARDED_AVAILABILITY = YES_AGGRESSIVE;
				CLANG_WARN_UNREACHABLE_CODE = YES;
				CLANG_WARN__DUPLICATE_METHOD_MATCH = YES;
				CODE_SIGN_IDENTITY = "iPhone Developer";
				COPY_PHASE_STRIP = NO;
				DEBUG_INFORMATION_FORMAT = "dwarf-with-dsym";
				ENABLE_NS_ASSERTIONS = NO;
				ENABLE_STRICT_OBJC_MSGSEND = YES;
				GCC_C_LANGUAGE_STANDARD = gnu11;
				GCC_NO_COMMON_BLOCKS = YES;
				GCC_WARN_64_TO_32_BIT_CONVERSION = YES;
				GCC_WARN_ABOUT_RETURN_TYPE = YES_ERROR;
				GCC_WARN_UNDECLARED_SELECTOR = YES;
				GCC_WARN_UNINITIALIZED_AUTOS = YES_AGGRESSIVE;
				GCC_WARN_UNUSED_FUNCTION = YES;
				GCC_WARN_UNUSED_VARIABLE = YES;
				IPHONEOS_DEPLOYMENT_TARGET = 11.0;
				MTL_ENABLE_DEBUG_INFO = NO;
				SDKROOT = iphoneos;
				SWIFT_OPTIMIZATION_LEVEL = "-Owholemodule";
				VALIDATE_PRODUCT = YES;
			};
			name = Release;
		};
		1B3221491FAE6619003C3FFA /* Debug */ = {
			isa = XCBuildConfiguration;
			buildSettings = {
				ASSETCATALOG_COMPILER_APPICON_NAME = AppIcon;
				CODE_SIGN_STYLE = Automatic;
				INFOPLIST_FILE = MyShoppingApp/Info.plist;
				LD_RUNPATH_SEARCH_PATHS = "$(inherited) @executable_path/Frameworks";
				PRODUCT_BUNDLE_IDENTIFIER = com.nikhil.MyShoppingApp;
				PRODUCT_NAME = "$(TARGET_NAME)";
				SWIFT_VERSION = 4.0;
				TARGETED_DEVICE_FAMILY = "1,2";
			};
			name = Debug;
		};
		1B32214A1FAE6619003C3FFA /* Release */ = {
			isa = XCBuildConfiguration;
			buildSettings = {
				ASSETCATALOG_COMPILER_APPICON_NAME = AppIcon;
				CODE_SIGN_STYLE = Automatic;
				INFOPLIST_FILE = MyShoppingApp/Info.plist;
				LD_RUNPATH_SEARCH_PATHS = "$(inherited) @executable_path/Frameworks";
				PRODUCT_BUNDLE_IDENTIFIER = com.nikhil.MyShoppingApp;
				PRODUCT_NAME = "$(TARGET_NAME)";
				SWIFT_VERSION = 4.0;
				TARGETED_DEVICE_FAMILY = "1,2";
			};
			name = Release;
		};
/* End XCBuildConfiguration section */

/* Begin XCConfigurationList section */
		1B32212E1FAE6618003C3FFA /* Build configuration list for PBXProject "MyShoppingApp" */ = {
			isa = XCConfigurationList;
			buildConfigurations = (
				1B3221461FAE6619003C3FFA /* Debug */,
				1B3221471FAE6619003C3FFA /* Release */,
			);
			defaultConfigurationIsVisible = 0;
			defaultConfigurationName = Release;
		};
		1B3221481FAE6619003C3FFA /* Build configuration list for PBXNativeTarget "MyShoppingApp" */ = {
			isa = XCConfigurationList;
			buildConfigurations = (
				1B3221491FAE6619003C3FFA /* Debug */,
				1B32214A1FAE6619003C3FFA /* Release */,
			);
			defaultConfigurationIsVisible = 0;
			defaultConfigurationName = Release;
		};
/* End XCConfigurationList section */

/* Begin XCVersionGroup section */
		1B32213D1FAE6619003C3FFA /* MyShoppingApp.xcdatamodeld */ = {
			isa = XCVersionGroup;
			children = (
				1B32213E1FAE6619003C3FFA /* MyShoppingApp.xcdatamodel */,
			);
			currentVersion = 1B32213E1FAE6619003C3FFA /* MyShoppingApp.xcdatamodel */;
			path = MyShoppingApp.xcdatamodeld;
			sourceTree = "<group>";
			versionGroupType = wrapper.xcdatamodel;
		};
/* End XCVersionGroup section */
	};
	rootObject = 1B32212B1FAE6618003C3FFA /* Project object */;
}
